// !$*UTF8*$!
{
	archiveVersion = 1;
	classes = {
	};
	objectVersion = 56;
	objects = {

/* Begin PBXBuildFile section */
		9F74CCE22ACB37C4002F06F3 /* ConverterWithTestUnitApp.swift in Sources */ = {isa = PBXBuildFile; fileRef = 9F74CCE12ACB37C4002F06F3 /* ConverterWithTestUnitApp.swift */; };
		9F74CCE42ACB37C4002F06F3 /* ContentView.swift in Sources */ = {isa = PBXBuildFile; fileRef = 9F74CCE32ACB37C4002F06F3 /* ContentView.swift */; };
		9F74CCE62ACB37C5002F06F3 /* Assets.xcassets in Resources */ = {isa = PBXBuildFile; fileRef = 9F74CCE52ACB37C5002F06F3 /* Assets.xcassets */; };
		9F74CCE92ACB37C5002F06F3 /* Preview Assets.xcassets in Resources */ = {isa = PBXBuildFile; fileRef = 9F74CCE82ACB37C5002F06F3 /* Preview Assets.xcassets */; };
		9F74CCF32ACB37C5002F06F3 /* ConverterWithTestUnitTests.swift in Sources */ = {isa = PBXBuildFile; fileRef = 9F74CCF22ACB37C5002F06F3 /* ConverterWithTestUnitTests.swift */; };
		9F74CD0C2ACB3B68002F06F3 /* Converters.swift in Sources */ = {isa = PBXBuildFile; fileRef = 9F74CD0B2ACB3B68002F06F3 /* Converters.swift */; };
		9F74CD0E2ACB3D58002F06F3 /* ConvertersViewModel.swift in Sources */ = {isa = PBXBuildFile; fileRef = 9F74CD0D2ACB3D58002F06F3 /* ConvertersViewModel.swift */; };
/* End PBXBuildFile section */

/* Begin PBXContainerItemProxy section */
		9F74CCEF2ACB37C5002F06F3 /* PBXContainerItemProxy */ = {
			isa = PBXContainerItemProxy;
			containerPortal = 9F74CCD62ACB37C4002F06F3 /* Project object */;
			proxyType = 1;
			remoteGlobalIDString = 9F74CCDD2ACB37C4002F06F3;
			remoteInfo = ConverterWithTestUnit;
		};
/* End PBXContainerItemProxy section */

/* Begin PBXFileReference section */
		9F74CCDE2ACB37C4002F06F3 /* ConverterWithTestUnit.app */ = {isa = PBXFileReference; explicitFileType = wrapper.application; includeInIndex = 0; path = ConverterWithTestUnit.app; sourceTree = BUILT_PRODUCTS_DIR; };
		9F74CCE12ACB37C4002F06F3 /* ConverterWithTestUnitApp.swift */ = {isa = PBXFileReference; lastKnownFileType = sourcecode.swift; path = ConverterWithTestUnitApp.swift; sourceTree = "<group>"; };
		9F74CCE32ACB37C4002F06F3 /* ContentView.swift */ = {isa = PBXFileReference; lastKnownFileType = sourcecode.swift; path = ContentView.swift; sourceTree = "<group>"; };
		9F74CCE52ACB37C5002F06F3 /* Assets.xcassets */ = {isa = PBXFileReference; lastKnownFileType = folder.assetcatalog; path = Assets.xcassets; sourceTree = "<group>"; };
		9F74CCE82ACB37C5002F06F3 /* Preview Assets.xcassets */ = {isa = PBXFileReference; lastKnownFileType = folder.assetcatalog; path = "Preview Assets.xcassets"; sourceTree = "<group>"; };
		9F74CCEE2ACB37C5002F06F3 /* ConverterWithTestUnitTests.xctest */ = {isa = PBXFileReference; explicitFileType = wrapper.cfbundle; includeInIndex = 0; path = ConverterWithTestUnitTests.xctest; sourceTree = BUILT_PRODUCTS_DIR; };
		9F74CCF22ACB37C5002F06F3 /* ConverterWithTestUnitTests.swift */ = {isa = PBXFileReference; lastKnownFileType = sourcecode.swift; path = ConverterWithTestUnitTests.swift; sourceTree = "<group>"; };
		9F74CD0B2ACB3B68002F06F3 /* Converters.swift */ = {isa = PBXFileReference; lastKnownFileType = sourcecode.swift; path = Converters.swift; sourceTree = "<group>"; };
		9F74CD0D2ACB3D58002F06F3 /* ConvertersViewModel.swift */ = {isa = PBXFileReference; lastKnownFileType = sourcecode.swift; path = ConvertersViewModel.swift; sourceTree = "<group>"; };
/* End PBXFileReference section */

/* Begin PBXFrameworksBuildPhase section */
		9F74CCDB2ACB37C4002F06F3 /* Frameworks */ = {
			isa = PBXFrameworksBuildPhase;
			buildActionMask = 2147483647;
			files = (
			);
			runOnlyForDeploymentPostprocessing = 0;
		};
		9F74CCEB2ACB37C5002F06F3 /* Frameworks */ = {
			isa = PBXFrameworksBuildPhase;
			buildActionMask = 2147483647;
			files = (
			);
			runOnlyForDeploymentPostprocessing = 0;
		};
/* End PBXFrameworksBuildPhase section */

/* Begin PBXGroup section */
		9F74CCD52ACB37C4002F06F3 = {
			isa = PBXGroup;
			children = (
				9F74CCE02ACB37C4002F06F3 /* ConverterWithTestUnit */,
				9F74CCF12ACB37C5002F06F3 /* ConverterWithTestUnitTests */,
				9F74CCDF2ACB37C4002F06F3 /* Products */,
			);
			sourceTree = "<group>";
		};
		9F74CCDF2ACB37C4002F06F3 /* Products */ = {
			isa = PBXGroup;
			children = (
				9F74CCDE2ACB37C4002F06F3 /* ConverterWithTestUnit.app */,
				9F74CCEE2ACB37C5002F06F3 /* ConverterWithTestUnitTests.xctest */,
			);
			name = Products;
			sourceTree = "<group>";
		};
		9F74CCE02ACB37C4002F06F3 /* ConverterWithTestUnit */ = {
			isa = PBXGroup;
			children = (
				9F74CCE12ACB37C4002F06F3 /* ConverterWithTestUnitApp.swift */,
				9F74CD0B2ACB3B68002F06F3 /* Converters.swift */,
				9F74CD0D2ACB3D58002F06F3 /* ConvertersViewModel.swift */,
				9F74CCE32ACB37C4002F06F3 /* ContentView.swift */,
				9F74CCE52ACB37C5002F06F3 /* Assets.xcassets */,
				9F74CCE72ACB37C5002F06F3 /* Preview Content */,
			);
			path = ConverterWithTestUnit;
			sourceTree = "<group>";
		};
		9F74CCE72ACB37C5002F06F3 /* Preview Content */ = {
			isa = PBXGroup;
			children = (
				9F74CCE82ACB37C5002F06F3 /* Preview Assets.xcassets */,
			);
			path = "Preview Content";
			sourceTree = "<group>";
		};
		9F74CCF12ACB37C5002F06F3 /* ConverterWithTestUnitTests */ = {
			isa = PBXGroup;
			children = (
				9F74CCF22ACB37C5002F06F3 /* ConverterWithTestUnitTests.swift */,
			);
			path = ConverterWithTestUnitTests;
			sourceTree = "<group>";
		};
/* End PBXGroup section */

/* Begin PBXNativeTarget section */
		9F74CCDD2ACB37C4002F06F3 /* ConverterWithTestUnit */ = {
			isa = PBXNativeTarget;
			buildConfigurationList = 9F74CD022ACB37C5002F06F3 /* Build configuration list for PBXNativeTarget "ConverterWithTestUnit" */;
			buildPhases = (
				9F74CCDA2ACB37C4002F06F3 /* Sources */,
				9F74CCDB2ACB37C4002F06F3 /* Frameworks */,
				9F74CCDC2ACB37C4002F06F3 /* Resources */,
			);
			buildRules = (
			);
			dependencies = (
			);
			name = ConverterWithTestUnit;
			productName = ConverterWithTestUnit;
			productReference = 9F74CCDE2ACB37C4002F06F3 /* ConverterWithTestUnit.app */;
			productType = "com.apple.product-type.application";
		};
		9F74CCED2ACB37C5002F06F3 /* ConverterWithTestUnitTests */ = {
			isa = PBXNativeTarget;
			buildConfigurationList = 9F74CD052ACB37C5002F06F3 /* Build configuration list for PBXNativeTarget "ConverterWithTestUnitTests" */;
			buildPhases = (
				9F74CCEA2ACB37C5002F06F3 /* Sources */,
				9F74CCEB2ACB37C5002F06F3 /* Frameworks */,
				9F74CCEC2ACB37C5002F06F3 /* Resources */,
			);
			buildRules = (
			);
			dependencies = (
				9F74CCF02ACB37C5002F06F3 /* PBXTargetDependency */,
			);
			name = ConverterWithTestUnitTests;
			productName = ConverterWithTestUnitTests;
			productReference = 9F74CCEE2ACB37C5002F06F3 /* ConverterWithTestUnitTests.xctest */;
			productType = "com.apple.product-type.bundle.unit-test";
		};
/* End PBXNativeTarget section */

/* Begin PBXProject section */
		9F74CCD62ACB37C4002F06F3 /* Project object */ = {
			isa = PBXProject;
			attributes = {
				BuildIndependentTargetsInParallel = 1;
				LastSwiftUpdateCheck = 1500;
				LastUpgradeCheck = 1500;
				TargetAttributes = {
					9F74CCDD2ACB37C4002F06F3 = {
						CreatedOnToolsVersion = 15.0;
					};
					9F74CCED2ACB37C5002F06F3 = {
						CreatedOnToolsVersion = 15.0;
						TestTargetID = 9F74CCDD2ACB37C4002F06F3;
					};
				};
			};
			buildConfigurationList = 9F74CCD92ACB37C4002F06F3 /* Build configuration list for PBXProject "ConverterWithTestUnit" */;
			compatibilityVersion = "Xcode 14.0";
			developmentRegion = en;
			hasScannedForEncodings = 0;
			knownRegions = (
				en,
				Base,
			);
			mainGroup = 9F74CCD52ACB37C4002F06F3;
			productRefGroup = 9F74CCDF2ACB37C4002F06F3 /* Products */;
			projectDirPath = "";
			projectRoot = "";
			targets = (
				9F74CCDD2ACB37C4002F06F3 /* ConverterWithTestUnit */,
				9F74CCED2ACB37C5002F06F3 /* ConverterWithTestUnitTests */,
			);
		};
/* End PBXProject section */

/* Begin PBXResourcesBuildPhase section */
		9F74CCDC2ACB37C4002F06F3 /* Resources */ = {
			isa = PBXResourcesBuildPhase;
			buildActionMask = 2147483647;
			files = (
				9F74CCE92ACB37C5002F06F3 /* Preview Assets.xcassets in Resources */,
				9F74CCE62ACB37C5002F06F3 /* Assets.xcassets in Resources */,
			);
			runOnlyForDeploymentPostprocessing = 0;
		};
		9F74CCEC2ACB37C5002F06F3 /* Resources */ = {
			isa = PBXResourcesBuildPhase;
			buildActionMask = 2147483647;
			files = (
			);
			runOnlyForDeploymentPostprocessing = 0;
		};
/* End PBXResourcesBuildPhase section */

/* Begin PBXSourcesBuildPhase section */
		9F74CCDA2ACB37C4002F06F3 /* Sources */ = {
			isa = PBXSourcesBuildPhase;
			buildActionMask = 2147483647;
			files = (
				9F74CCE42ACB37C4002F06F3 /* ContentView.swift in Sources */,
				9F74CCE22ACB37C4002F06F3 /* ConverterWithTestUnitApp.swift in Sources */,
				9F74CD0C2ACB3B68002F06F3 /* Converters.swift in Sources */,
				9F74CD0E2ACB3D58002F06F3 /* ConvertersViewModel.swift in Sources */,
			);
			runOnlyForDeploymentPostprocessing = 0;
		};
		9F74CCEA2ACB37C5002F06F3 /* Sources */ = {
			isa = PBXSourcesBuildPhase;
			buildActionMask = 2147483647;
			files = (
				9F74CCF32ACB37C5002F06F3 /* ConverterWithTestUnitTests.swift in Sources */,
			);
			runOnlyForDeploymentPostprocessing = 0;
		};
/* End PBXSourcesBuildPhase section */

/* Begin PBXTargetDependency section */
		9F74CCF02ACB37C5002F06F3 /* PBXTargetDependency */ = {
			isa = PBXTargetDependency;
			target = 9F74CCDD2ACB37C4002F06F3 /* ConverterWithTestUnit */;
			targetProxy = 9F74CCEF2ACB37C5002F06F3 /* PBXContainerItemProxy */;
		};
/* End PBXTargetDependency section */

/* Begin XCBuildConfiguration section */
		9F74CD002ACB37C5002F06F3 /* Debug */ = {
			isa = XCBuildConfiguration;
			buildSettings = {
				ALWAYS_SEARCH_USER_PATHS = NO;
				ASSETCATALOG_COMPILER_GENERATE_SWIFT_ASSET_SYMBOL_EXTENSIONS = YES;
				CLANG_ANALYZER_NONNULL = YES;
				CLANG_ANALYZER_NUMBER_OBJECT_CONVERSION = YES_AGGRESSIVE;
				CLANG_CXX_LANGUAGE_STANDARD = "gnu++20";
				CLANG_ENABLE_MODULES = YES;
				CLANG_ENABLE_OBJC_ARC = YES;
				CLANG_ENABLE_OBJC_WEAK = YES;
				CLANG_WARN_BLOCK_CAPTURE_AUTORELEASING = YES;
				CLANG_WARN_BOOL_CONVERSION = YES;
				CLANG_WARN_COMMA = YES;
				CLANG_WARN_CONSTANT_CONVERSION = YES;
				CLANG_WARN_DEPRECATED_OBJC_IMPLEMENTATIONS = YES;
				CLANG_WARN_DIRECT_OBJC_ISA_USAGE = YES_ERROR;
				CLANG_WARN_DOCUMENTATION_COMMENTS = YES;
				CLANG_WARN_EMPTY_BODY = YES;
				CLANG_WARN_ENUM_CONVERSION = YES;
				CLANG_WARN_INFINITE_RECURSION = YES;
				CLANG_WARN_INT_CONVERSION = YES;
				CLANG_WARN_NON_LITERAL_NULL_CONVERSION = YES;
				CLANG_WARN_OBJC_IMPLICIT_RETAIN_SELF = YES;
				CLANG_WARN_OBJC_LITERAL_CONVERSION = YES;
				CLANG_WARN_OBJC_ROOT_CLASS = YES_ERROR;
				CLANG_WARN_QUOTED_INCLUDE_IN_FRAMEWORK_HEADER = YES;
				CLANG_WARN_RANGE_LOOP_ANALYSIS = YES;
				CLANG_WARN_STRICT_PROTOTYPES = YES;
				CLANG_WARN_SUSPICIOUS_MOVE = YES;
				CLANG_WARN_UNGUARDED_AVAILABILITY = YES_AGGRESSIVE;
				CLANG_WARN_UNREACHABLE_CODE = YES;
				CLANG_WARN__DUPLICATE_METHOD_MATCH = YES;
				COPY_PHASE_STRIP = NO;
				DEBUG_INFORMATION_FORMAT = dwarf;
				ENABLE_STRICT_OBJC_MSGSEND = YES;
				ENABLE_TESTABILITY = YES;
				ENABLE_USER_SCRIPT_SANDBOXING = YES;
				GCC_C_LANGUAGE_STANDARD = gnu17;
				GCC_DYNAMIC_NO_PIC = NO;
				GCC_NO_COMMON_BLOCKS = YES;
				GCC_OPTIMIZATION_LEVEL = 0;
				GCC_PREPROCESSOR_DEFINITIONS = (
					"DEBUG=1",
					"$(inherited)",
				);
				GCC_WARN_64_TO_32_BIT_CONVERSION = YES;
				GCC_WARN_ABOUT_RETURN_TYPE = YES_ERROR;
				GCC_WARN_UNDECLARED_SELECTOR = YES;
				GCC_WARN_UNINITIALIZED_AUTOS = YES_AGGRESSIVE;
				GCC_WARN_UNUSED_FUNCTION = YES;
				GCC_WARN_UNUSED_VARIABLE = YES;
				IPHONEOS_DEPLOYMENT_TARGET = 17.0;
				LOCALIZATION_PREFERS_STRING_CATALOGS = YES;
				MTL_ENABLE_DEBUG_INFO = INCLUDE_SOURCE;
				MTL_FAST_MATH = YES;
				ONLY_ACTIVE_ARCH = YES;
				SDKROOT = iphoneos;
				SWIFT_ACTIVE_COMPILATION_CONDITIONS = "DEBUG $(inherited)";
				SWIFT_OPTIMIZATION_LEVEL = "-Onone";
			};
			name = Debug;
		};
		9F74CD012ACB37C5002F06F3 /* Release */ = {
			isa = XCBuildConfiguration;
			buildSettings = {
				ALWAYS_SEARCH_USER_PATHS = NO;
				ASSETCATALOG_COMPILER_GENERATE_SWIFT_ASSET_SYMBOL_EXTENSIONS = YES;
				CLANG_ANALYZER_NONNULL = YES;
				CLANG_ANALYZER_NUMBER_OBJECT_CONVERSION = YES_AGGRESSIVE;
				CLANG_CXX_LANGUAGE_STANDARD = "gnu++20";
				CLANG_ENABLE_MODULES = YES;
				CLANG_ENABLE_OBJC_ARC = YES;
				CLANG_ENABLE_OBJC_WEAK = YES;
				CLANG_WARN_BLOCK_CAPTURE_AUTORELEASING = YES;
				CLANG_WARN_BOOL_CONVERSION = YES;
				CLANG_WARN_COMMA = YES;
				CLANG_WARN_CONSTANT_CONVERSION = YES;
				CLANG_WARN_DEPRECATED_OBJC_IMPLEMENTATIONS = YES;
				CLANG_WARN_DIRECT_OBJC_ISA_USAGE = YES_ERROR;
				CLANG_WARN_DOCUMENTATION_COMMENTS = YES;
				CLANG_WARN_EMPTY_BODY = YES;
				CLANG_WARN_ENUM_CONVERSION = YES;
				CLANG_WARN_INFINITE_RECURSION = YES;
				CLANG_WARN_INT_CONVERSION = YES;
				CLANG_WARN_NON_LITERAL_NULL_CONVERSION = YES;
				CLANG_WARN_OBJC_IMPLICIT_RETAIN_SELF = YES;
				CLANG_WARN_OBJC_LITERAL_CONVERSION = YES;
				CLANG_WARN_OBJC_ROOT_CLASS = YES_ERROR;
				CLANG_WARN_QUOTED_INCLUDE_IN_FRAMEWORK_HEADER = YES;
				CLANG_WARN_RANGE_LOOP_ANALYSIS = YES;
				CLANG_WARN_STRICT_PROTOTYPES = YES;
				CLANG_WARN_SUSPICIOUS_MOVE = YES;
				CLANG_WARN_UNGUARDED_AVAILABILITY = YES_AGGRESSIVE;
				CLANG_WARN_UNREACHABLE_CODE = YES;
				CLANG_WARN__DUPLICATE_METHOD_MATCH = YES;
				COPY_PHASE_STRIP = NO;
				DEBUG_INFORMATION_FORMAT = "dwarf-with-dsym";
				ENABLE_NS_ASSERTIONS = NO;
				ENABLE_STRICT_OBJC_MSGSEND = YES;
				ENABLE_USER_SCRIPT_SANDBOXING = YES;
				GCC_C_LANGUAGE_STANDARD = gnu17;
				GCC_NO_COMMON_BLOCKS = YES;
				GCC_WARN_64_TO_32_BIT_CONVERSION = YES;
				GCC_WARN_ABOUT_RETURN_TYPE = YES_ERROR;
				GCC_WARN_UNDECLARED_SELECTOR = YES;
				GCC_WARN_UNINITIALIZED_AUTOS = YES_AGGRESSIVE;
				GCC_WARN_UNUSED_FUNCTION = YES;
				GCC_WARN_UNUSED_VARIABLE = YES;
				IPHONEOS_DEPLOYMENT_TARGET = 17.0;
				LOCALIZATION_PREFERS_STRING_CATALOGS = YES;
				MTL_ENABLE_DEBUG_INFO = NO;
				MTL_FAST_MATH = YES;
				SDKROOT = iphoneos;
				SWIFT_COMPILATION_MODE = wholemodule;
				VALIDATE_PRODUCT = YES;
			};
			name = Release;
		};
		9F74CD032ACB37C5002F06F3 /* Debug */ = {
			isa = XCBuildConfiguration;
			buildSettings = {
				ASSETCATALOG_COMPILER_APPICON_NAME = AppIcon;
				ASSETCATALOG_COMPILER_GLOBAL_ACCENT_COLOR_NAME = AccentColor;
				CODE_SIGN_STYLE = Automatic;
				CURRENT_PROJECT_VERSION = 1;
				DEVELOPMENT_ASSET_PATHS = "\"ConverterWithTestUnit/Preview Content\"";
				DEVELOPMENT_TEAM = J5QJGKM573;
				ENABLE_PREVIEWS = YES;
				GENERATE_INFOPLIST_FILE = YES;
				INFOPLIST_KEY_UIApplicationSceneManifest_Generation = YES;
				INFOPLIST_KEY_UIApplicationSupportsIndirectInputEvents = YES;
				INFOPLIST_KEY_UILaunchScreen_Generation = YES;
				INFOPLIST_KEY_UISupportedInterfaceOrientations = UIInterfaceOrientationPortrait;
				INFOPLIST_KEY_UISupportedInterfaceOrientations_iPad = "UIInterfaceOrientationLandscapeLeft UIInterfaceOrientationLandscapeRight UIInterfaceOrientationPortrait UIInterfaceOrientationPortraitUpsideDown";
				LD_RUNPATH_SEARCH_PATHS = (
					"$(inherited)",
					"@executable_path/Frameworks",
				);
				MARKETING_VERSION = 1.0;
				PRODUCT_BUNDLE_IDENTIFIER = anneauzier.ConverterWithTestUnit;
				PRODUCT_NAME = "$(TARGET_NAME)";
				SUPPORTED_PLATFORMS = "iphoneos iphonesimulator";
				SUPPORTS_MACCATALYST = NO;
				SUPPORTS_MAC_DESIGNED_FOR_IPHONE_IPAD = NO;
				SWIFT_EMIT_LOC_STRINGS = YES;
				SWIFT_VERSION = 5.0;
				TARGETED_DEVICE_FAMILY = 1;
			};
			name = Debug;
		};
		9F74CD042ACB37C5002F06F3 /* Release */ = {
			isa = XCBuildConfiguration;
			buildSettings = {
				ASSETCATALOG_COMPILER_APPICON_NAME = AppIcon;
				ASSETCATALOG_COMPILER_GLOBAL_ACCENT_COLOR_NAME = AccentColor;
				CODE_SIGN_STYLE = Automatic;
				CURRENT_PROJECT_VERSION = 1;
				DEVELOPMENT_ASSET_PATHS = "\"ConverterWithTestUnit/Preview Content\"";
				DEVELOPMENT_TEAM = J5QJGKM573;
				ENABLE_PREVIEWS = YES;
				GENERATE_INFOPLIST_FILE = YES;
				INFOPLIST_KEY_UIApplicationSceneManifest_Generation = YES;
				INFOPLIST_KEY_UIApplicationSupportsIndirectInputEvents = YES;
				INFOPLIST_KEY_UILaunchScreen_Generation = YES;
				INFOPLIST_KEY_UISupportedInterfaceOrientations = UIInterfaceOrientationPortrait;
				INFOPLIST_KEY_UISupportedInterfaceOrientations_iPad = "UIInterfaceOrientationLandscapeLeft UIInterfaceOrientationLandscapeRight UIInterfaceOrientationPortrait UIInterfaceOrientationPortraitUpsideDown";
				LD_RUNPATH_SEARCH_PATHS = (
					"$(inherited)",
					"@executable_path/Frameworks",
				);
				MARKETING_VERSION = 1.0;
				PRODUCT_BUNDLE_IDENTIFIER = anneauzier.ConverterWithTestUnit;
				PRODUCT_NAME = "$(TARGET_NAME)";
				SUPPORTED_PLATFORMS = "iphoneos iphonesimulator";
				SUPPORTS_MACCATALYST = NO;
				SUPPORTS_MAC_DESIGNED_FOR_IPHONE_IPAD = NO;
				SWIFT_EMIT_LOC_STRINGS = YES;
				SWIFT_VERSION = 5.0;
				TARGETED_DEVICE_FAMILY = 1;
			};
			name = Release;
		};
		9F74CD062ACB37C5002F06F3 /* Debug */ = {
			isa = XCBuildConfiguration;
			buildSettings = {
				ALWAYS_EMBED_SWIFT_STANDARD_LIBRARIES = YES;
				BUNDLE_LOADER = "$(TEST_HOST)";
				CODE_SIGN_STYLE = Automatic;
				CURRENT_PROJECT_VERSION = 1;
				DEVELOPMENT_TEAM = J5QJGKM573;
				GENERATE_INFOPLIST_FILE = YES;
				IPHONEOS_DEPLOYMENT_TARGET = 17.0;
				MARKETING_VERSION = 1.0;
				PRODUCT_BUNDLE_IDENTIFIER = anneauzier.ConverterWithTestUnitTests;
				PRODUCT_NAME = "$(TARGET_NAME)";
				SUPPORTED_PLATFORMS = "iphoneos iphonesimulator";
				SUPPORTS_MACCATALYST = NO;
				SUPPORTS_MAC_DESIGNED_FOR_IPHONE_IPAD = NO;
				SWIFT_EMIT_LOC_STRINGS = NO;
				SWIFT_VERSION = 5.0;
				TARGETED_DEVICE_FAMILY = 1;
				TEST_HOST = "$(BUILT_PRODUCTS_DIR)/ConverterWithTestUnit.app/$(BUNDLE_EXECUTABLE_FOLDER_PATH)/ConverterWithTestUnit";
			};
			name = Debug;
		};
		9F74CD072ACB37C5002F06F3 /* Release */ = {
			isa = XCBuildConfiguration;
			buildSettings = {
				ALWAYS_EMBED_SWIFT_STANDARD_LIBRARIES = YES;
				BUNDLE_LOADER = "$(TEST_HOST)";
				CODE_SIGN_STYLE = Automatic;
				CURRENT_PROJECT_VERSION = 1;
				DEVELOPMENT_TEAM = J5QJGKM573;
				GENERATE_INFOPLIST_FILE = YES;
				IPHONEOS_DEPLOYMENT_TARGET = 17.0;
				MARKETING_VERSION = 1.0;
				PRODUCT_BUNDLE_IDENTIFIER = anneauzier.ConverterWithTestUnitTests;
				PRODUCT_NAME = "$(TARGET_NAME)";
				SUPPORTED_PLATFORMS = "iphoneos iphonesimulator";
				SUPPORTS_MACCATALYST = NO;
				SUPPORTS_MAC_DESIGNED_FOR_IPHONE_IPAD = NO;
				SWIFT_EMIT_LOC_STRINGS = NO;
				SWIFT_VERSION = 5.0;
				TARGETED_DEVICE_FAMILY = 1;
				TEST_HOST = "$(BUILT_PRODUCTS_DIR)/ConverterWithTestUnit.app/$(BUNDLE_EXECUTABLE_FOLDER_PATH)/ConverterWithTestUnit";
			};
			name = Release;
		};
/* End XCBuildConfiguration section */

/* Begin XCConfigurationList section */
		9F74CCD92ACB37C4002F06F3 /* Build configuration list for PBXProject "ConverterWithTestUnit" */ = {
			isa = XCConfigurationList;
			buildConfigurations = (
				9F74CD002ACB37C5002F06F3 /* Debug */,
				9F74CD012ACB37C5002F06F3 /* Release */,
			);
			defaultConfigurationIsVisible = 0;
			defaultConfigurationName = Release;
		};
		9F74CD022ACB37C5002F06F3 /* Build configuration list for PBXNativeTarget "ConverterWithTestUnit" */ = {
			isa = XCConfigurationList;
			buildConfigurations = (
				9F74CD032ACB37C5002F06F3 /* Debug */,
				9F74CD042ACB37C5002F06F3 /* Release */,
			);
			defaultConfigurationIsVisible = 0;
			defaultConfigurationName = Release;
		};
		9F74CD052ACB37C5002F06F3 /* Build configuration list for PBXNativeTarget "ConverterWithTestUnitTests" */ = {
			isa = XCConfigurationList;
			buildConfigurations = (
				9F74CD062ACB37C5002F06F3 /* Debug */,
				9F74CD072ACB37C5002F06F3 /* Release */,
			);
			defaultConfigurationIsVisible = 0;
			defaultConfigurationName = Release;
		};
/* End XCConfigurationList section */
	};
	rootObject = 9F74CCD62ACB37C4002F06F3 /* Project object */;
}
